
Microsoft Visual Studio Solution File, Format Version 12.00
# Visual Studio Version 17
VisualStudioVersion = 17.1.32319.34
MinimumVisualStudioVersion = 10.0.40219.1
Project("{9A19103F-16F7-4668-BE54-9A1E7A4F7556}") = "IksmClientDotNet.RecentBattleHtmlCreator", "IksmClientDotNet.RecentBattleHtmlCreator\IksmClientDotNet.RecentBattleHtmlCreator.csproj", "{61001CCA-DB0D-499B-B9B9-4A78E60E8CA6}"
EndProject
Project("{2150E333-8FDC-42A3-9474-1A3956D46DE8}") = "Solution Items", "Solution Items", "{DDDF2049-9514-4310-9A58-BA24D04DFDC5}"
	ProjectSection(SolutionItems) = preProject
		.editorconfig = .editorconfig
	EndProjectSection
EndProject
Project("{FAE04EC0-301F-11D3-BF4B-00C04F79EFBC}") = "IksmClientDotNet2", "IksmClientDotNet2\IksmClientDotNet2.csproj", "{6BEFD78C-49C3-4AAB-A8D0-40619B72EF8B}"
EndProject
Project("{FAE04EC0-301F-11D3-BF4B-00C04F79EFBC}") = "IksmClientDotNet2.Tests", "IksmClientDotNet2.Tests\IksmClientDotNet2.Tests.csproj", "{9D087C8E-20E5-4967-AE73-EDD6046922D7}"
EndProject
Global
	GlobalSection(SolutionConfigurationPlatforms) = preSolution
		Debug|Any CPU = Debug|Any CPU
		Debug|x64 = Debug|x64
		Release|Any CPU = Release|Any CPU
		Release|x64 = Release|x64
	EndGlobalSection
	GlobalSection(ProjectConfigurationPlatforms) = postSolution
		{61001CCA-DB0D-499B-B9B9-4A78E60E8CA6}.Debug|Any CPU.ActiveCfg = Debug|Any CPU
		{61001CCA-DB0D-499B-B9B9-4A78E60E8CA6}.Debug|Any CPU.Build.0 = Debug|Any CPU
		{61001CCA-DB0D-499B-B9B9-4A78E60E8CA6}.Debug|x64.ActiveCfg = Debug|Any CPU
		{61001CCA-DB0D-499B-B9B9-4A78E60E8CA6}.Debug|x64.Build.0 = Debug|Any CPU
		{61001CCA-DB0D-499B-B9B9-4A78E60E8CA6}.Release|Any CPU.ActiveCfg = Release|Any CPU
		{61001CCA-DB0D-499B-B9B9-4A78E60E8CA6}.Release|Any CPU.Build.0 = Release|Any CPU
		{61001CCA-DB0D-499B-B9B9-4A78E60E8CA6}.Release|x64.ActiveCfg = Release|Any CPU
		{61001CCA-DB0D-499B-B9B9-4A78E60E8CA6}.Release|x64.Build.0 = Release|Any CPU
		{6BEFD78C-49C3-4AAB-A8D0-40619B72EF8B}.Debug|Any CPU.ActiveCfg = Debug|Any CPU
		{6BEFD78C-49C3-4AAB-A8D0-40619B72EF8B}.Debug|Any CPU.Build.0 = Debug|Any CPU
		{6BEFD78C-49C3-4AAB-A8D0-40619B72EF8B}.Debug|x64.ActiveCfg = Debug|Any CPU
		{6BEFD78C-49C3-4AAB-A8D0-40619B72EF8B}.Debug|x64.Build.0 = Debug|Any CPU
		{6BEFD78C-49C3-4AAB-A8D0-40619B72EF8B}.Release|Any CPU.ActiveCfg = Release|Any CPU
		{6BEFD78C-49C3-4AAB-A8D0-40619B72EF8B}.Release|Any CPU.Build.0 = Release|Any CPU
		{6BEFD78C-49C3-4AAB-A8D0-40619B72EF8B}.Release|x64.ActiveCfg = Release|Any CPU
		{6BEFD78C-49C3-4AAB-A8D0-40619B72EF8B}.Release|x64.Build.0 = Release|Any CPU
		{9D087C8E-20E5-4967-AE73-EDD6046922D7}.Debug|Any CPU.ActiveCfg = Debug|Any CPU
		{9D087C8E-20E5-4967-AE73-EDD6046922D7}.Debug|Any CPU.Build.0 = Debug|Any CPU
		{9D087C8E-20E5-4967-AE73-EDD6046922D7}.Debug|x64.ActiveCfg = Debug|Any CPU
		{9D087C8E-20E5-4967-AE73-EDD6046922D7}.Debug|x64.Build.0 = Debug|Any CPU
		{9D087C8E-20E5-4967-AE73-EDD6046922D7}.Release|Any CPU.ActiveCfg = Release|Any CPU
		{9D087C8E-20E5-4967-AE73-EDD6046922D7}.Release|Any CPU.Build.0 = Release|Any CPU
		{9D087C8E-20E5-4967-AE73-EDD6046922D7}.Release|x64.ActiveCfg = Release|Any CPU
		{9D087C8E-20E5-4967-AE73-EDD6046922D7}.Release|x64.Build.0 = Release|Any CPU
	EndGlobalSection
	GlobalSection(SolutionProperties) = preSolution
		HideSolutionNode = FALSE
	EndGlobalSection
	GlobalSection(ExtensibilityGlobals) = postSolution
		SolutionGuid = {1AF2619B-46C4-4B15-B214-27F7B64D230C}
	EndGlobalSection
EndGlobal
